
Microsoft Visual Studio Solution File, Format Version 12.00
# Visual Studio Version 16
VisualStudioVersion = 16.0.32630.194
MinimumVisualStudioVersion = 10.0.40219.1
Project("{2150E333-8FDC-42A3-9474-1A3956D46DE8}") = "Test", "Test", "{4C01EDD1-9E97-408E-82AB-3B6C89A00299}"
EndProject
Project("{2150E333-8FDC-42A3-9474-1A3956D46DE8}") = "Src", "Src", "{251259BD-9746-416C-A16D-70792B25F01D}"
EndProject
Project("{2150E333-8FDC-42A3-9474-1A3956D46DE8}") = "Docs", "Docs", "{B2E1D46D-3A33-4323-903D-B5629163821E}"
	ProjectSection(SolutionItems) = preProject
		Docs\README.md = Docs\README.md
	EndProjectSection
EndProject
Project("{9A19103F-16F7-4668-BE54-9A1E7A4F7556}") = "PointOfSale.Tests", "Test\PointOfSale.Tests\PointOfSale.Tests.csproj", "{7D351C22-DCE9-441D-B0E7-5B84B428B8E5}"
EndProject
Project("{9A19103F-16F7-4668-BE54-9A1E7A4F7556}") = "PointOfSale.Service", "Src\PointOfSale.Service\PointOfSale.Service.csproj", "{0D170388-DC4A-4FB8-B17F-32BF958B682C}"
EndProject
Project("{9A19103F-16F7-4668-BE54-9A1E7A4F7556}") = "PointOfSale.DataAccess", "Src\PointOfSale.DataAccess\PointOfSale.DataAccess.csproj", "{E4A4C712-368A-4866-8C05-E71C0C225E57}"
EndProject
Project("{9A19103F-16F7-4668-BE54-9A1E7A4F7556}") = "PointOfSale", "Src\PointOfSale\PointOfSale.csproj", "{0F4F643A-ADB9-49E1-8257-8410F3B7F964}"
EndProject
Global
	GlobalSection(SolutionConfigurationPlatforms) = preSolution
		Debug|Any CPU = Debug|Any CPU
		Release|Any CPU = Release|Any CPU
	EndGlobalSection
	GlobalSection(ProjectConfigurationPlatforms) = postSolution
		{7D351C22-DCE9-441D-B0E7-5B84B428B8E5}.Debug|Any CPU.ActiveCfg = Debug|Any CPU
		{7D351C22-DCE9-441D-B0E7-5B84B428B8E5}.Debug|Any CPU.Build.0 = Debug|Any CPU
		{7D351C22-DCE9-441D-B0E7-5B84B428B8E5}.Release|Any CPU.ActiveCfg = Release|Any CPU
		{7D351C22-DCE9-441D-B0E7-5B84B428B8E5}.Release|Any CPU.Build.0 = Release|Any CPU
		{0D170388-DC4A-4FB8-B17F-32BF958B682C}.Debug|Any CPU.ActiveCfg = Debug|Any CPU
		{0D170388-DC4A-4FB8-B17F-32BF958B682C}.Debug|Any CPU.Build.0 = Debug|Any CPU
		{0D170388-DC4A-4FB8-B17F-32BF958B682C}.Release|Any CPU.ActiveCfg = Release|Any CPU
		{0D170388-DC4A-4FB8-B17F-32BF958B682C}.Release|Any CPU.Build.0 = Release|Any CPU
		{E4A4C712-368A-4866-8C05-E71C0C225E57}.Debug|Any CPU.ActiveCfg = Debug|Any CPU
		{E4A4C712-368A-4866-8C05-E71C0C225E57}.Debug|Any CPU.Build.0 = Debug|Any CPU
		{E4A4C712-368A-4866-8C05-E71C0C225E57}.Release|Any CPU.ActiveCfg = Release|Any CPU
		{E4A4C712-368A-4866-8C05-E71C0C225E57}.Release|Any CPU.Build.0 = Release|Any CPU
		{0F4F643A-ADB9-49E1-8257-8410F3B7F964}.Debug|Any CPU.ActiveCfg = Debug|Any CPU
		{0F4F643A-ADB9-49E1-8257-8410F3B7F964}.Debug|Any CPU.Build.0 = Debug|Any CPU
		{0F4F643A-ADB9-49E1-8257-8410F3B7F964}.Release|Any CPU.ActiveCfg = Release|Any CPU
		{0F4F643A-ADB9-49E1-8257-8410F3B7F964}.Release|Any CPU.Build.0 = Release|Any CPU
	EndGlobalSection
	GlobalSection(SolutionProperties) = preSolution
		HideSolutionNode = FALSE
	EndGlobalSection
	GlobalSection(NestedProjects) = preSolution
		{7D351C22-DCE9-441D-B0E7-5B84B428B8E5} = {4C01EDD1-9E97-408E-82AB-3B6C89A00299}
		{0D170388-DC4A-4FB8-B17F-32BF958B682C} = {251259BD-9746-416C-A16D-70792B25F01D}
		{E4A4C712-368A-4866-8C05-E71C0C225E57} = {251259BD-9746-416C-A16D-70792B25F01D}
		{0F4F643A-ADB9-49E1-8257-8410F3B7F964} = {251259BD-9746-416C-A16D-70792B25F01D}
	EndGlobalSection
	GlobalSection(ExtensibilityGlobals) = postSolution
		SolutionGuid = {5AD351C2-6914-4AB3-AF3E-B51532E72C59}
	EndGlobalSection
EndGlobal
